{
  "name": "liri-node-app",
  "version": "1.0.0",
  "lockfileVersion": 1,
  "requires": true,
  "dependencies": {
    "mdash-node": {
      "version": "1.0.1",
      "resolved": "https://registry.npmjs.org/mdash-node/-/mdash-node-1.0.1.tgz",
      "integrity": "sha1-g+Qgm66/IPWWi5k7dC9n/Z27zOM="
    }
  }
}
